
Microsoft Visual Studio Solution File, Format Version 12.00
# Visual Studio Version 16
VisualStudioVersion = 16.0.30204.135
MinimumVisualStudioVersion = 10.0.40219.1
Project("{FAE04EC0-301F-11D3-BF4B-00C04F79EFBC}") = "LearningCSharp", "LearningCSharp\LearningCSharp.csproj", "{753A099A-9C5D-490C-83FA-1066D1EA5997}"
EndProject
Global
	GlobalSection(SolutionConfigurationPlatforms) = preSolution
		Debug|Any CPU = Debug|Any CPU
		Release|Any CPU = Release|Any CPU
	EndGlobalSection
	GlobalSection(ProjectConfigurationPlatforms) = postSolution
		{753A099A-9C5D-490C-83FA-1066D1EA5997}.Debug|Any CPU.ActiveCfg = Debug|Any CPU
		{753A099A-9C5D-490C-83FA-1066D1EA5997}.Debug|Any CPU.Build.0 = Debug|Any CPU
		{753A099A-9C5D-490C-83FA-1066D1EA5997}.Release|Any CPU.ActiveCfg = Release|Any CPU
		{753A099A-9C5D-490C-83FA-1066D1EA5997}.Release|Any CPU.Build.0 = Release|Any CPU
	EndGlobalSection
	GlobalSection(SolutionProperties) = preSolution
		HideSolutionNode = FALSE
	EndGlobalSection
	GlobalSection(ExtensibilityGlobals) = postSolution
		SolutionGuid = {8BDC501D-5E6C-4288-ABE0-DEA389A02574}
	EndGlobalSection
EndGlobal
